
Microsoft Visual Studio Solution File, Format Version 12.00
# Visual Studio Version 17
VisualStudioVersion = 17.9.34701.34
MinimumVisualStudioVersion = 10.0.40219.1
Project("{FAE04EC0-301F-11D3-BF4B-00C04F79EFBC}") = "CloudStorageTest.API", "CloudStorageTest.API\CloudStorageTest.API.csproj", "{A0A0A6E8-FA11-4749-9AB0-AC775C77075C}"
EndProject
Project("{FAE04EC0-301F-11D3-BF4B-00C04F79EFBC}") = "CloudStorageTest.Application", "CloudStorageTest.Application\CloudStorageTest.Application.csproj", "{1747ED16-777B-4A4D-8391-32B5C5E29D98}"
EndProject
Project("{FAE04EC0-301F-11D3-BF4B-00C04F79EFBC}") = "CloudStorageTest.Infrastructure", "CloudStorageTest.Infrastructure\CloudStorageTest.Infrastructure.csproj", "{37DE7899-5579-424B-A171-C0B2691B1CB0}"
EndProject
Project("{FAE04EC0-301F-11D3-BF4B-00C04F79EFBC}") = "CloudStorageTest.Domain", "CloudStorageTest.Domain\CloudStorageTest.Domain.csproj", "{141A8E8A-9920-48E2-BECE-AAE97EEFFCA0}"
EndProject
Global
	GlobalSection(SolutionConfigurationPlatforms) = preSolution
		Debug|Any CPU = Debug|Any CPU
		Release|Any CPU = Release|Any CPU
	EndGlobalSection
	GlobalSection(ProjectConfigurationPlatforms) = postSolution
		{A0A0A6E8-FA11-4749-9AB0-AC775C77075C}.Debug|Any CPU.ActiveCfg = Debug|Any CPU
		{A0A0A6E8-FA11-4749-9AB0-AC775C77075C}.Debug|Any CPU.Build.0 = Debug|Any CPU
		{A0A0A6E8-FA11-4749-9AB0-AC775C77075C}.Release|Any CPU.ActiveCfg = Release|Any CPU
		{A0A0A6E8-FA11-4749-9AB0-AC775C77075C}.Release|Any CPU.Build.0 = Release|Any CPU
		{1747ED16-777B-4A4D-8391-32B5C5E29D98}.Debug|Any CPU.ActiveCfg = Debug|Any CPU
		{1747ED16-777B-4A4D-8391-32B5C5E29D98}.Debug|Any CPU.Build.0 = Debug|Any CPU
		{1747ED16-777B-4A4D-8391-32B5C5E29D98}.Release|Any CPU.ActiveCfg = Release|Any CPU
		{1747ED16-777B-4A4D-8391-32B5C5E29D98}.Release|Any CPU.Build.0 = Release|Any CPU
		{37DE7899-5579-424B-A171-C0B2691B1CB0}.Debug|Any CPU.ActiveCfg = Debug|Any CPU
		{37DE7899-5579-424B-A171-C0B2691B1CB0}.Debug|Any CPU.Build.0 = Debug|Any CPU
		{37DE7899-5579-424B-A171-C0B2691B1CB0}.Release|Any CPU.ActiveCfg = Release|Any CPU
		{37DE7899-5579-424B-A171-C0B2691B1CB0}.Release|Any CPU.Build.0 = Release|Any CPU
		{141A8E8A-9920-48E2-BECE-AAE97EEFFCA0}.Debug|Any CPU.ActiveCfg = Debug|Any CPU
		{141A8E8A-9920-48E2-BECE-AAE97EEFFCA0}.Debug|Any CPU.Build.0 = Debug|Any CPU
		{141A8E8A-9920-48E2-BECE-AAE97EEFFCA0}.Release|Any CPU.ActiveCfg = Release|Any CPU
		{141A8E8A-9920-48E2-BECE-AAE97EEFFCA0}.Release|Any CPU.Build.0 = Release|Any CPU
	EndGlobalSection
	GlobalSection(SolutionProperties) = preSolution
		HideSolutionNode = FALSE
	EndGlobalSection
	GlobalSection(ExtensibilityGlobals) = postSolution
		SolutionGuid = {13D30322-DA85-48E5-8692-967DD754EF52}
	EndGlobalSection
EndGlobal
